// !$*UTF8*$!
{
	archiveVersion = 1;
	classes = {
	};
	objectVersion = 46;
	objects = {

/* Begin PBXBuildFile section */
		CB3C25D41DD4559F0058D9F8 /* ImagesViewController.swift in Sources */ = {isa = PBXBuildFile; fileRef = CB3C25D31DD4559F0058D9F8 /* ImagesViewController.swift */; };
		CB3C25D81DD456D30058D9F8 /* ImageCell.swift in Sources */ = {isa = PBXBuildFile; fileRef = CB3C25D71DD456D30058D9F8 /* ImageCell.swift */; };
		CB4060511DCFFBFF00FBF72C /* AppDelegate.swift in Sources */ = {isa = PBXBuildFile; fileRef = CB4060501DCFFBFF00FBF72C /* AppDelegate.swift */; };
		CB4060531DCFFBFF00FBF72C /* ViewController.swift in Sources */ = {isa = PBXBuildFile; fileRef = CB4060521DCFFBFF00FBF72C /* ViewController.swift */; };
		CB4060581DCFFBFF00FBF72C /* Assets.xcassets in Resources */ = {isa = PBXBuildFile; fileRef = CB4060571DCFFBFF00FBF72C /* Assets.xcassets */; };
		CB4060651DCFFD1800FBF72C /* GoogleMapsBase.framework in Frameworks */ = {isa = PBXBuildFile; fileRef = CB4060621DCFFD1800FBF72C /* GoogleMapsBase.framework */; };
		CB4060661DCFFD1800FBF72C /* GoogleMaps.framework in Frameworks */ = {isa = PBXBuildFile; fileRef = CB4060631DCFFD1800FBF72C /* GoogleMaps.framework */; };
		CB4060671DCFFD1800FBF72C /* GoogleMapsCore.framework in Frameworks */ = {isa = PBXBuildFile; fileRef = CB4060641DCFFD1800FBF72C /* GoogleMapsCore.framework */; };
		CB4060691DCFFD5D00FBF72C /* GoogleMaps.bundle in Resources */ = {isa = PBXBuildFile; fileRef = CB4060681DCFFD5D00FBF72C /* GoogleMaps.bundle */; };
		CB40606B1DCFFD9800FBF72C /* Accelerate.framework in Frameworks */ = {isa = PBXBuildFile; fileRef = CB40606A1DCFFD9800FBF72C /* Accelerate.framework */; };
		CB40606D1DCFFD9F00FBF72C /* CoreData.framework in Frameworks */ = {isa = PBXBuildFile; fileRef = CB40606C1DCFFD9F00FBF72C /* CoreData.framework */; };
		CB40606F1DCFFDA600FBF72C /* CoreGraphics.framework in Frameworks */ = {isa = PBXBuildFile; fileRef = CB40606E1DCFFDA600FBF72C /* CoreGraphics.framework */; };
		CB4060711DCFFDAC00FBF72C /* CoreLocation.framework in Frameworks */ = {isa = PBXBuildFile; fileRef = CB4060701DCFFDAC00FBF72C /* CoreLocation.framework */; };
		CB4060731DCFFDB100FBF72C /* CoreText.framework in Frameworks */ = {isa = PBXBuildFile; fileRef = CB4060721DCFFDB100FBF72C /* CoreText.framework */; };
		CB4060751DCFFDB500FBF72C /* GLKit.framework in Frameworks */ = {isa = PBXBuildFile; fileRef = CB4060741DCFFDB500FBF72C /* GLKit.framework */; };
		CB4060771DCFFDBC00FBF72C /* ImageIO.framework in Frameworks */ = {isa = PBXBuildFile; fileRef = CB4060761DCFFDBC00FBF72C /* ImageIO.framework */; };
		CB4060791DCFFDC400FBF72C /* libc++.tbd in Frameworks */ = {isa = PBXBuildFile; fileRef = CB4060781DCFFDC400FBF72C /* libc++.tbd */; };
		CB40607B1DCFFDCB00FBF72C /* libz.tbd in Frameworks */ = {isa = PBXBuildFile; fileRef = CB40607A1DCFFDCB00FBF72C /* libz.tbd */; };
		CB40607D1DCFFDCF00FBF72C /* OpenGLES.framework in Frameworks */ = {isa = PBXBuildFile; fileRef = CB40607C1DCFFDCF00FBF72C /* OpenGLES.framework */; };
		CB40607F1DCFFDD400FBF72C /* QuartzCore.framework in Frameworks */ = {isa = PBXBuildFile; fileRef = CB40607E1DCFFDD400FBF72C /* QuartzCore.framework */; };
		CB4060811DCFFDDB00FBF72C /* SystemConfiguration.framework in Frameworks */ = {isa = PBXBuildFile; fileRef = CB4060801DCFFDDB00FBF72C /* SystemConfiguration.framework */; };
		CB4060831DCFFDDF00FBF72C /* UIKit.framework in Frameworks */ = {isa = PBXBuildFile; fileRef = CB4060821DCFFDDF00FBF72C /* UIKit.framework */; };
		CB4060851DCFFF6300FBF72C /* MapViewController.swift in Sources */ = {isa = PBXBuildFile; fileRef = CB4060841DCFFF6300FBF72C /* MapViewController.swift */; };
/* End PBXBuildFile section */

/* Begin PBXFileReference section */
		CB3C25D31DD4559F0058D9F8 /* ImagesViewController.swift */ = {isa = PBXFileReference; fileEncoding = 4; lastKnownFileType = sourcecode.swift; path = ImagesViewController.swift; sourceTree = "<group>"; };
		CB3C25D71DD456D30058D9F8 /* ImageCell.swift */ = {isa = PBXFileReference; fileEncoding = 4; lastKnownFileType = sourcecode.swift; path = ImageCell.swift; sourceTree = "<group>"; };
		CB40604D1DCFFBFF00FBF72C /* foodinthewhere.app */ = {isa = PBXFileReference; explicitFileType = wrapper.application; includeInIndex = 0; path = foodinthewhere.app; sourceTree = BUILT_PRODUCTS_DIR; };
		CB4060501DCFFBFF00FBF72C /* AppDelegate.swift */ = {isa = PBXFileReference; lastKnownFileType = sourcecode.swift; path = AppDelegate.swift; sourceTree = "<group>"; };
		CB4060521DCFFBFF00FBF72C /* ViewController.swift */ = {isa = PBXFileReference; lastKnownFileType = sourcecode.swift; path = ViewController.swift; sourceTree = "<group>"; };
		CB4060571DCFFBFF00FBF72C /* Assets.xcassets */ = {isa = PBXFileReference; lastKnownFileType = folder.assetcatalog; path = Assets.xcassets; sourceTree = "<group>"; };
		CB40605C1DCFFBFF00FBF72C /* Info.plist */ = {isa = PBXFileReference; lastKnownFileType = text.plist.xml; path = Info.plist; sourceTree = "<group>"; };
		CB4060621DCFFD1800FBF72C /* GoogleMapsBase.framework */ = {isa = PBXFileReference; lastKnownFileType = wrapper.framework; path = GoogleMapsBase.framework; sourceTree = "<group>"; };
		CB4060631DCFFD1800FBF72C /* GoogleMaps.framework */ = {isa = PBXFileReference; lastKnownFileType = wrapper.framework; path = GoogleMaps.framework; sourceTree = "<group>"; };
		CB4060641DCFFD1800FBF72C /* GoogleMapsCore.framework */ = {isa = PBXFileReference; lastKnownFileType = wrapper.framework; path = GoogleMapsCore.framework; sourceTree = "<group>"; };
		CB4060681DCFFD5D00FBF72C /* GoogleMaps.bundle */ = {isa = PBXFileReference; lastKnownFileType = "wrapper.plug-in"; name = GoogleMaps.bundle; path = GoogleMaps.framework/Versions/A/Resources/GoogleMaps.bundle; sourceTree = "<group>"; };
		CB40606A1DCFFD9800FBF72C /* Accelerate.framework */ = {isa = PBXFileReference; lastKnownFileType = wrapper.framework; name = Accelerate.framework; path = System/Library/Frameworks/Accelerate.framework; sourceTree = SDKROOT; };
		CB40606C1DCFFD9F00FBF72C /* CoreData.framework */ = {isa = PBXFileReference; lastKnownFileType = wrapper.framework; name = CoreData.framework; path = System/Library/Frameworks/CoreData.framework; sourceTree = SDKROOT; };
		CB40606E1DCFFDA600FBF72C /* CoreGraphics.framework */ = {isa = PBXFileReference; lastKnownFileType = wrapper.framework; name = CoreGraphics.framework; path = System/Library/Frameworks/CoreGraphics.framework; sourceTree = SDKROOT; };
		CB4060701DCFFDAC00FBF72C /* CoreLocation.framework */ = {isa = PBXFileReference; lastKnownFileType = wrapper.framework; name = CoreLocation.framework; path = System/Library/Frameworks/CoreLocation.framework; sourceTree = SDKROOT; };
		CB4060721DCFFDB100FBF72C /* CoreText.framework */ = {isa = PBXFileReference; lastKnownFileType = wrapper.framework; name = CoreText.framework; path = System/Library/Frameworks/CoreText.framework; sourceTree = SDKROOT; };
		CB4060741DCFFDB500FBF72C /* GLKit.framework */ = {isa = PBXFileReference; lastKnownFileType = wrapper.framework; name = GLKit.framework; path = System/Library/Frameworks/GLKit.framework; sourceTree = SDKROOT; };
		CB4060761DCFFDBC00FBF72C /* ImageIO.framework */ = {isa = PBXFileReference; lastKnownFileType = wrapper.framework; name = ImageIO.framework; path = System/Library/Frameworks/ImageIO.framework; sourceTree = SDKROOT; };
		CB4060781DCFFDC400FBF72C /* libc++.tbd */ = {isa = PBXFileReference; lastKnownFileType = "sourcecode.text-based-dylib-definition"; name = "libc++.tbd"; path = "usr/lib/libc++.tbd"; sourceTree = SDKROOT; };
		CB40607A1DCFFDCB00FBF72C /* libz.tbd */ = {isa = PBXFileReference; lastKnownFileType = "sourcecode.text-based-dylib-definition"; name = libz.tbd; path = usr/lib/libz.tbd; sourceTree = SDKROOT; };
		CB40607C1DCFFDCF00FBF72C /* OpenGLES.framework */ = {isa = PBXFileReference; lastKnownFileType = wrapper.framework; name = OpenGLES.framework; path = System/Library/Frameworks/OpenGLES.framework; sourceTree = SDKROOT; };
		CB40607E1DCFFDD400FBF72C /* QuartzCore.framework */ = {isa = PBXFileReference; lastKnownFileType = wrapper.framework; name = QuartzCore.framework; path = System/Library/Frameworks/QuartzCore.framework; sourceTree = SDKROOT; };
		CB4060801DCFFDDB00FBF72C /* SystemConfiguration.framework */ = {isa = PBXFileReference; lastKnownFileType = wrapper.framework; name = SystemConfiguration.framework; path = System/Library/Frameworks/SystemConfiguration.framework; sourceTree = SDKROOT; };
		CB4060821DCFFDDF00FBF72C /* UIKit.framework */ = {isa = PBXFileReference; lastKnownFileType = wrapper.framework; name = UIKit.framework; path = System/Library/Frameworks/UIKit.framework; sourceTree = SDKROOT; };
		CB4060841DCFFF6300FBF72C /* MapViewController.swift */ = {isa = PBXFileReference; fileEncoding = 4; lastKnownFileType = sourcecode.swift; path = MapViewController.swift; sourceTree = "<group>"; };
/* End PBXFileReference section */

/* Begin PBXFrameworksBuildPhase section */
		CB40604A1DCFFBFF00FBF72C /* Frameworks */ = {
			isa = PBXFrameworksBuildPhase;
			buildActionMask = 2147483647;
			files = (
				CB4060831DCFFDDF00FBF72C /* UIKit.framework in Frameworks */,
				CB4060811DCFFDDB00FBF72C /* SystemConfiguration.framework in Frameworks */,
				CB40607F1DCFFDD400FBF72C /* QuartzCore.framework in Frameworks */,
				CB40607D1DCFFDCF00FBF72C /* OpenGLES.framework in Frameworks */,
				CB40607B1DCFFDCB00FBF72C /* libz.tbd in Frameworks */,
				CB4060791DCFFDC400FBF72C /* libc++.tbd in Frameworks */,
				CB4060771DCFFDBC00FBF72C /* ImageIO.framework in Frameworks */,
				CB4060751DCFFDB500FBF72C /* GLKit.framework in Frameworks */,
				CB4060731DCFFDB100FBF72C /* CoreText.framework in Frameworks */,
				CB4060711DCFFDAC00FBF72C /* CoreLocation.framework in Frameworks */,
				CB40606F1DCFFDA600FBF72C /* CoreGraphics.framework in Frameworks */,
				CB40606D1DCFFD9F00FBF72C /* CoreData.framework in Frameworks */,
				CB40606B1DCFFD9800FBF72C /* Accelerate.framework in Frameworks */,
				CB4060661DCFFD1800FBF72C /* GoogleMaps.framework in Frameworks */,
				CB4060671DCFFD1800FBF72C /* GoogleMapsCore.framework in Frameworks */,
				CB4060651DCFFD1800FBF72C /* GoogleMapsBase.framework in Frameworks */,
			);
			runOnlyForDeploymentPostprocessing = 0;
		};
/* End PBXFrameworksBuildPhase section */

/* Begin PBXGroup section */
		CB4060441DCFFBFF00FBF72C = {
			isa = PBXGroup;
			children = (
				CB40604F1DCFFBFF00FBF72C /* foodinthewhere */,
				CB4060821DCFFDDF00FBF72C /* UIKit.framework */,
				CB4060801DCFFDDB00FBF72C /* SystemConfiguration.framework */,
				CB40607E1DCFFDD400FBF72C /* QuartzCore.framework */,
				CB40607C1DCFFDCF00FBF72C /* OpenGLES.framework */,
				CB40607A1DCFFDCB00FBF72C /* libz.tbd */,
				CB4060781DCFFDC400FBF72C /* libc++.tbd */,
				CB4060761DCFFDBC00FBF72C /* ImageIO.framework */,
				CB4060741DCFFDB500FBF72C /* GLKit.framework */,
				CB4060721DCFFDB100FBF72C /* CoreText.framework */,
				CB4060701DCFFDAC00FBF72C /* CoreLocation.framework */,
				CB40606E1DCFFDA600FBF72C /* CoreGraphics.framework */,
				CB40606C1DCFFD9F00FBF72C /* CoreData.framework */,
				CB40606A1DCFFD9800FBF72C /* Accelerate.framework */,
				CB4060681DCFFD5D00FBF72C /* GoogleMaps.bundle */,
				CB4060621DCFFD1800FBF72C /* GoogleMapsBase.framework */,
				CB4060631DCFFD1800FBF72C /* GoogleMaps.framework */,
				CB4060641DCFFD1800FBF72C /* GoogleMapsCore.framework */,
				CB40604E1DCFFBFF00FBF72C /* Products */,
			);
			sourceTree = "<group>";
		};
		CB40604E1DCFFBFF00FBF72C /* Products */ = {
			isa = PBXGroup;
			children = (
				CB40604D1DCFFBFF00FBF72C /* foodinthewhere.app */,
			);
			name = Products;
			sourceTree = "<group>";
		};
		CB40604F1DCFFBFF00FBF72C /* foodinthewhere */ = {
			isa = PBXGroup;
			children = (
				CB4060501DCFFBFF00FBF72C /* AppDelegate.swift */,
				CB4060521DCFFBFF00FBF72C /* ViewController.swift */,
				CB4060571DCFFBFF00FBF72C /* Assets.xcassets */,
				CB40605C1DCFFBFF00FBF72C /* Info.plist */,
				CB4060841DCFFF6300FBF72C /* MapViewController.swift */,
				CB3C25D31DD4559F0058D9F8 /* ImagesViewController.swift */,
				CB3C25D71DD456D30058D9F8 /* ImageCell.swift */,
			);
			path = foodinthewhere;
			sourceTree = "<group>";
		};
/* End PBXGroup section */

/* Begin PBXNativeTarget section */
		CB40604C1DCFFBFF00FBF72C /* foodinthewhere */ = {
			isa = PBXNativeTarget;
			buildConfigurationList = CB40605F1DCFFBFF00FBF72C /* Build configuration list for PBXNativeTarget "foodinthewhere" */;
			buildPhases = (
				CB4060491DCFFBFF00FBF72C /* Sources */,
				CB40604A1DCFFBFF00FBF72C /* Frameworks */,
				CB40604B1DCFFBFF00FBF72C /* Resources */,
			);
			buildRules = (
			);
			dependencies = (
			);
			name = foodinthewhere;
			productName = foodinthewhere;
			productReference = CB40604D1DCFFBFF00FBF72C /* foodinthewhere.app */;
			productType = "com.apple.product-type.application";
		};
/* End PBXNativeTarget section */

/* Begin PBXProject section */
		CB4060451DCFFBFF00FBF72C /* Project object */ = {
			isa = PBXProject;
			attributes = {
				LastSwiftUpdateCheck = 0730;
				LastUpgradeCheck = 0730;
				ORGANIZATIONNAME = "Virginia Cook";
				TargetAttributes = {
					CB40604C1DCFFBFF00FBF72C = {
						CreatedOnToolsVersion = 7.3.1;
					};
				};
			};
			buildConfigurationList = CB4060481DCFFBFF00FBF72C /* Build configuration list for PBXProject "foodinthewhere" */;
			compatibilityVersion = "Xcode 3.2";
			developmentRegion = English;
			hasScannedForEncodings = 0;
			knownRegions = (
				en,
				Base,
			);
			mainGroup = CB4060441DCFFBFF00FBF72C;
			productRefGroup = CB40604E1DCFFBFF00FBF72C /* Products */;
			projectDirPath = "";
			projectRoot = "";
			targets = (
				CB40604C1DCFFBFF00FBF72C /* foodinthewhere */,
			);
		};
/* End PBXProject section */

/* Begin PBXResourcesBuildPhase section */
		CB40604B1DCFFBFF00FBF72C /* Resources */ = {
			isa = PBXResourcesBuildPhase;
			buildActionMask = 2147483647;
			files = (
				CB4060581DCFFBFF00FBF72C /* Assets.xcassets in Resources */,
				CB4060691DCFFD5D00FBF72C /* GoogleMaps.bundle in Resources */,
			);
			runOnlyForDeploymentPostprocessing = 0;
		};
/* End PBXResourcesBuildPhase section */

/* Begin PBXSourcesBuildPhase section */
		CB4060491DCFFBFF00FBF72C /* Sources */ = {
			isa = PBXSourcesBuildPhase;
			buildActionMask = 2147483647;
			files = (
				CB4060531DCFFBFF00FBF72C /* ViewController.swift in Sources */,
				CB4060851DCFFF6300FBF72C /* MapViewController.swift in Sources */,
				CB3C25D41DD4559F0058D9F8 /* ImagesViewController.swift in Sources */,
				CB4060511DCFFBFF00FBF72C /* AppDelegate.swift in Sources */,
				CB3C25D81DD456D30058D9F8 /* ImageCell.swift in Sources */,
			);
			runOnlyForDeploymentPostprocessing = 0;
		};
/* End PBXSourcesBuildPhase section */

/* Begin XCBuildConfiguration section */
		CB40605D1DCFFBFF00FBF72C /* Debug */ = {
			isa = XCBuildConfiguration;
			buildSettings = {
				ALWAYS_SEARCH_USER_PATHS = NO;
				CLANG_ANALYZER_NONNULL = YES;
				CLANG_CXX_LANGUAGE_STANDARD = "gnu++0x";
				CLANG_CXX_LIBRARY = "libc++";
				CLANG_ENABLE_MODULES = YES;
				CLANG_ENABLE_OBJC_ARC = YES;
				CLANG_WARN_BOOL_CONVERSION = YES;
				CLANG_WARN_CONSTANT_CONVERSION = YES;
				CLANG_WARN_DIRECT_OBJC_ISA_USAGE = YES_ERROR;
				CLANG_WARN_EMPTY_BODY = YES;
				CLANG_WARN_ENUM_CONVERSION = YES;
				CLANG_WARN_INT_CONVERSION = YES;
				CLANG_WARN_OBJC_ROOT_CLASS = YES_ERROR;
				CLANG_WARN_UNREACHABLE_CODE = YES;
				CLANG_WARN__DUPLICATE_METHOD_MATCH = YES;
				"CODE_SIGN_IDENTITY[sdk=iphoneos*]" = "iPhone Developer";
				COPY_PHASE_STRIP = NO;
				DEBUG_INFORMATION_FORMAT = dwarf;
				ENABLE_STRICT_OBJC_MSGSEND = YES;
				ENABLE_TESTABILITY = YES;
				GCC_C_LANGUAGE_STANDARD = gnu99;
				GCC_DYNAMIC_NO_PIC = NO;
				GCC_NO_COMMON_BLOCKS = YES;
				GCC_OPTIMIZATION_LEVEL = 0;
				GCC_PREPROCESSOR_DEFINITIONS = (
					"DEBUG=1",
					"$(inherited)",
				);
				GCC_WARN_64_TO_32_BIT_CONVERSION = YES;
				GCC_WARN_ABOUT_RETURN_TYPE = YES_ERROR;
				GCC_WARN_UNDECLARED_SELECTOR = YES;
				GCC_WARN_UNINITIALIZED_AUTOS = YES_AGGRESSIVE;
				GCC_WARN_UNUSED_FUNCTION = YES;
				GCC_WARN_UNUSED_VARIABLE = YES;
				IPHONEOS_DEPLOYMENT_TARGET = 9.3;
				MTL_ENABLE_DEBUG_INFO = YES;
				ONLY_ACTIVE_ARCH = YES;
				"OTHER_LDFLAGS[arch=*]" = "-ObjC";
				SDKROOT = iphoneos;
				SWIFT_OPTIMIZATION_LEVEL = "-Onone";
				TARGETED_DEVICE_FAMILY = "1,2";
			};
			name = Debug;
		};
		CB40605E1DCFFBFF00FBF72C /* Release */ = {
			isa = XCBuildConfiguration;
			buildSettings = {
				ALWAYS_SEARCH_USER_PATHS = NO;
				CLANG_ANALYZER_NONNULL = YES;
				CLANG_CXX_LANGUAGE_STANDARD = "gnu++0x";
				CLANG_CXX_LIBRARY = "libc++";
				CLANG_ENABLE_MODULES = YES;
				CLANG_ENABLE_OBJC_ARC = YES;
				CLANG_WARN_BOOL_CONVERSION = YES;
				CLANG_WARN_CONSTANT_CONVERSION = YES;
				CLANG_WARN_DIRECT_OBJC_ISA_USAGE = YES_ERROR;
				CLANG_WARN_EMPTY_BODY = YES;
				CLANG_WARN_ENUM_CONVERSION = YES;
				CLANG_WARN_INT_CONVERSION = YES;
				CLANG_WARN_OBJC_ROOT_CLASS = YES_ERROR;
				CLANG_WARN_UNREACHABLE_CODE = YES;
				CLANG_WARN__DUPLICATE_METHOD_MATCH = YES;
				"CODE_SIGN_IDENTITY[sdk=iphoneos*]" = "iPhone Developer";
				COPY_PHASE_STRIP = NO;
				DEBUG_INFORMATION_FORMAT = "dwarf-with-dsym";
				ENABLE_NS_ASSERTIONS = NO;
				ENABLE_STRICT_OBJC_MSGSEND = YES;
				GCC_C_LANGUAGE_STANDARD = gnu99;
				GCC_NO_COMMON_BLOCKS = YES;
				GCC_WARN_64_TO_32_BIT_CONVERSION = YES;
				GCC_WARN_ABOUT_RETURN_TYPE = YES_ERROR;
				GCC_WARN_UNDECLARED_SELECTOR = YES;
				GCC_WARN_UNINITIALIZED_AUTOS = YES_AGGRESSIVE;
				GCC_WARN_UNUSED_FUNCTION = YES;
				GCC_WARN_UNUSED_VARIABLE = YES;
				IPHONEOS_DEPLOYMENT_TARGET = 9.3;
				MTL_ENABLE_DEBUG_INFO = NO;
				"OTHER_LDFLAGS[arch=*]" = "-ObjC";
				SDKROOT = iphoneos;
				TARGETED_DEVICE_FAMILY = "1,2";
				VALIDATE_PRODUCT = YES;
			};
			name = Release;
		};
		CB4060601DCFFBFF00FBF72C /* Debug */ = {
			isa = XCBuildConfiguration;
			buildSettings = {
				ASSETCATALOG_COMPILER_APPICON_NAME = AppIcon;
				FRAMEWORK_SEARCH_PATHS = (
					"$(inherited)",
					"$(PROJECT_DIR)",
				);
				INFOPLIST_FILE = foodinthewhere/Info.plist;
				LD_RUNPATH_SEARCH_PATHS = "$(inherited) @executable_path/Frameworks";
				PRODUCT_BUNDLE_IDENTIFIER = virg.foodinthewhere;
				PRODUCT_NAME = "$(TARGET_NAME)";
			};
			name = Debug;
		};
		CB4060611DCFFBFF00FBF72C /* Release */ = {
			isa = XCBuildConfiguration;
			buildSettings = {
				ASSETCATALOG_COMPILER_APPICON_NAME = AppIcon;
				FRAMEWORK_SEARCH_PATHS = (
					"$(inherited)",
					"$(PROJECT_DIR)",
				);
				INFOPLIST_FILE = foodinthewhere/Info.plist;
				LD_RUNPATH_SEARCH_PATHS = "$(inherited) @executable_path/Frameworks";
				PRODUCT_BUNDLE_IDENTIFIER = virg.foodinthewhere;
				PRODUCT_NAME = "$(TARGET_NAME)";
			};
			name = Release;
		};
/* End XCBuildConfiguration section */

/* Begin XCConfigurationList section */
		CB4060481DCFFBFF00FBF72C /* Build configuration list for PBXProject "foodinthewhere" */ = {
			isa = XCConfigurationList;
			buildConfigurations = (
				CB40605D1DCFFBFF00FBF72C /* Debug */,
				CB40605E1DCFFBFF00FBF72C /* Release */,
			);
			defaultConfigurationIsVisible = 0;
			defaultConfigurationName = Release;
		};
		CB40605F1DCFFBFF00FBF72C /* Build configuration list for PBXNativeTarget "foodinthewhere" */ = {
			isa = XCConfigurationList;
			buildConfigurations = (
				CB4060601DCFFBFF00FBF72C /* Debug */,
				CB4060611DCFFBFF00FBF72C /* Release */,
			);
			defaultConfigurationIsVisible = 0;
			defaultConfigurationName = Release;
		};
/* End XCConfigurationList section */
	};
	rootObject = CB4060451DCFFBFF00FBF72C /* Project object */;
}
